
Microsoft Visual Studio Solution File, Format Version 12.00
# Visual Studio Version 17
VisualStudioVersion = 17.10.35013.160
MinimumVisualStudioVersion = 10.0.40219.1
Project("{FAE04EC0-301F-11D3-BF4B-00C04F79EFBC}") = "WebApplication8", "WebApplication8.csproj", "{064C7AAE-9142-4317-A54D-174A02F2CEA5}"
EndProject
Global
	GlobalSection(SolutionConfigurationPlatforms) = preSolution
		Debug|Any CPU = Debug|Any CPU
		Release|Any CPU = Release|Any CPU
	EndGlobalSection
	GlobalSection(ProjectConfigurationPlatforms) = postSolution
		{064C7AAE-9142-4317-A54D-174A02F2CEA5}.Debug|Any CPU.ActiveCfg = Debug|Any CPU
		{064C7AAE-9142-4317-A54D-174A02F2CEA5}.Debug|Any CPU.Build.0 = Debug|Any CPU
		{064C7AAE-9142-4317-A54D-174A02F2CEA5}.Release|Any CPU.ActiveCfg = Release|Any CPU
		{064C7AAE-9142-4317-A54D-174A02F2CEA5}.Release|Any CPU.Build.0 = Release|Any CPU
	EndGlobalSection
	GlobalSection(SolutionProperties) = preSolution
		HideSolutionNode = FALSE
	EndGlobalSection
	GlobalSection(ExtensibilityGlobals) = postSolution
		SolutionGuid = {DFA3E079-BCA1-47DB-9C87-755B5EDFE625}
	EndGlobalSection
EndGlobal
